// !$*UTF8*$!
{
	archiveVersion = 1;
	classes = {
	};
	objectVersion = 48;
	objects = {

/* Begin PBXBuildFile section */
		12B6AEC31F94519400482B3D /* AppDelegate.swift in Sources */ = {isa = PBXBuildFile; fileRef = 12B6AEC21F94519400482B3D /* AppDelegate.swift */; };
		12B6AEC51F94519400482B3D /* ViewController.swift in Sources */ = {isa = PBXBuildFile; fileRef = 12B6AEC41F94519400482B3D /* ViewController.swift */; };
		12B6AEC81F94519400482B3D /* Main.storyboard in Resources */ = {isa = PBXBuildFile; fileRef = 12B6AEC61F94519400482B3D /* Main.storyboard */; };
		12B6AECB1F94519400482B3D /* SwiftInternetConnectionDemo.xcdatamodeld in Sources */ = {isa = PBXBuildFile; fileRef = 12B6AEC91F94519400482B3D /* SwiftInternetConnectionDemo.xcdatamodeld */; };
		12B6AECD1F94519400482B3D /* Assets.xcassets in Resources */ = {isa = PBXBuildFile; fileRef = 12B6AECC1F94519400482B3D /* Assets.xcassets */; };
		12B6AED01F94519400482B3D /* LaunchScreen.storyboard in Resources */ = {isa = PBXBuildFile; fileRef = 12B6AECE1F94519400482B3D /* LaunchScreen.storyboard */; };
/* End PBXBuildFile section */

/* Begin PBXFileReference section */
		12B6AEBF1F94519400482B3D /* SwiftInternetConnectionDemo.app */ = {isa = PBXFileReference; explicitFileType = wrapper.application; includeInIndex = 0; path = SwiftInternetConnectionDemo.app; sourceTree = BUILT_PRODUCTS_DIR; };
		12B6AEC21F94519400482B3D /* AppDelegate.swift */ = {isa = PBXFileReference; lastKnownFileType = sourcecode.swift; path = AppDelegate.swift; sourceTree = "<group>"; };
		12B6AEC41F94519400482B3D /* ViewController.swift */ = {isa = PBXFileReference; lastKnownFileType = sourcecode.swift; path = ViewController.swift; sourceTree = "<group>"; };
		12B6AEC71F94519400482B3D /* Base */ = {isa = PBXFileReference; lastKnownFileType = file.storyboard; name = Base; path = Base.lproj/Main.storyboard; sourceTree = "<group>"; };
		12B6AECA1F94519400482B3D /* SwiftInternetConnectionDemo.xcdatamodel */ = {isa = PBXFileReference; lastKnownFileType = wrapper.xcdatamodel; path = SwiftInternetConnectionDemo.xcdatamodel; sourceTree = "<group>"; };
		12B6AECC1F94519400482B3D /* Assets.xcassets */ = {isa = PBXFileReference; lastKnownFileType = folder.assetcatalog; path = Assets.xcassets; sourceTree = "<group>"; };
		12B6AECF1F94519400482B3D /* Base */ = {isa = PBXFileReference; lastKnownFileType = file.storyboard; name = Base; path = Base.lproj/LaunchScreen.storyboard; sourceTree = "<group>"; };
		12B6AED11F94519400482B3D /* Info.plist */ = {isa = PBXFileReference; lastKnownFileType = text.plist.xml; path = Info.plist; sourceTree = "<group>"; };
/* End PBXFileReference section */

/* Begin PBXFrameworksBuildPhase section */
		12B6AEBC1F94519400482B3D /* Frameworks */ = {
			isa = PBXFrameworksBuildPhase;
			buildActionMask = 2147483647;
			files = (
			);
			runOnlyForDeploymentPostprocessing = 0;
		};
/* End PBXFrameworksBuildPhase section */

/* Begin PBXGroup section */
		12B6AEB61F94519400482B3D = {
			isa = PBXGroup;
			children = (
				12B6AEC11F94519400482B3D /* SwiftInternetConnectionDemo */,
				12B6AEC01F94519400482B3D /* Products */,
			);
			sourceTree = "<group>";
		};
		12B6AEC01F94519400482B3D /* Products */ = {
			isa = PBXGroup;
			children = (
				12B6AEBF1F94519400482B3D /* SwiftInternetConnectionDemo.app */,
			);
			name = Products;
			sourceTree = "<group>";
		};
		12B6AEC11F94519400482B3D /* SwiftInternetConnectionDemo */ = {
			isa = PBXGroup;
			children = (
				12B6AEC21F94519400482B3D /* AppDelegate.swift */,
				12B6AEC41F94519400482B3D /* ViewController.swift */,
				12B6AEC61F94519400482B3D /* Main.storyboard */,
				12B6AECC1F94519400482B3D /* Assets.xcassets */,
				12B6AECE1F94519400482B3D /* LaunchScreen.storyboard */,
				12B6AED11F94519400482B3D /* Info.plist */,
				12B6AEC91F94519400482B3D /* SwiftInternetConnectionDemo.xcdatamodeld */,
			);
			path = SwiftInternetConnectionDemo;
			sourceTree = "<group>";
		};
/* End PBXGroup section */

/* Begin PBXNativeTarget section */
		12B6AEBE1F94519400482B3D /* SwiftInternetConnectionDemo */ = {
			isa = PBXNativeTarget;
			buildConfigurationList = 12B6AED41F94519400482B3D /* Build configuration list for PBXNativeTarget "SwiftInternetConnectionDemo" */;
			buildPhases = (
				12B6AEBB1F94519400482B3D /* Sources */,
				12B6AEBC1F94519400482B3D /* Frameworks */,
				12B6AEBD1F94519400482B3D /* Resources */,
			);
			buildRules = (
			);
			dependencies = (
			);
			name = SwiftInternetConnectionDemo;
			productName = SwiftInternetConnectionDemo;
			productReference = 12B6AEBF1F94519400482B3D /* SwiftInternetConnectionDemo.app */;
			productType = "com.apple.product-type.application";
		};
/* End PBXNativeTarget section */

/* Begin PBXProject section */
		12B6AEB71F94519400482B3D /* Project object */ = {
			isa = PBXProject;
			attributes = {
				LastSwiftUpdateCheck = 0900;
				LastUpgradeCheck = 0900;
				ORGANIZATIONNAME = lokizero00;
				TargetAttributes = {
					12B6AEBE1F94519400482B3D = {
						CreatedOnToolsVersion = 9.0;
						ProvisioningStyle = Automatic;
					};
				};
			};
			buildConfigurationList = 12B6AEBA1F94519400482B3D /* Build configuration list for PBXProject "SwiftInternetConnectionDemo" */;
			compatibilityVersion = "Xcode 8.0";
			developmentRegion = en;
			hasScannedForEncodings = 0;
			knownRegions = (
				en,
				Base,
			);
			mainGroup = 12B6AEB61F94519400482B3D;
			productRefGroup = 12B6AEC01F94519400482B3D /* Products */;
			projectDirPath = "";
			projectRoot = "";
			targets = (
				12B6AEBE1F94519400482B3D /* SwiftInternetConnectionDemo */,
			);
		};
/* End PBXProject section */

/* Begin PBXResourcesBuildPhase section */
		12B6AEBD1F94519400482B3D /* Resources */ = {
			isa = PBXResourcesBuildPhase;
			buildActionMask = 2147483647;
			files = (
				12B6AED01F94519400482B3D /* LaunchScreen.storyboard in Resources */,
				12B6AECD1F94519400482B3D /* Assets.xcassets in Resources */,
				12B6AEC81F94519400482B3D /* Main.storyboard in Resources */,
			);
			runOnlyForDeploymentPostprocessing = 0;
		};
/* End PBXResourcesBuildPhase section */

/* Begin PBXSourcesBuildPhase section */
		12B6AEBB1F94519400482B3D /* Sources */ = {
			isa = PBXSourcesBuildPhase;
			buildActionMask = 2147483647;
			files = (
				12B6AEC51F94519400482B3D /* ViewController.swift in Sources */,
				12B6AEC31F94519400482B3D /* AppDelegate.swift in Sources */,
				12B6AECB1F94519400482B3D /* SwiftInternetConnectionDemo.xcdatamodeld in Sources */,
			);
			runOnlyForDeploymentPostprocessing = 0;
		};
/* End PBXSourcesBuildPhase section */

/* Begin PBXVariantGroup section */
		12B6AEC61F94519400482B3D /* Main.storyboard */ = {
			isa = PBXVariantGroup;
			children = (
				12B6AEC71F94519400482B3D /* Base */,
			);
			name = Main.storyboard;
			sourceTree = "<group>";
		};
		12B6AECE1F94519400482B3D /* LaunchScreen.storyboard */ = {
			isa = PBXVariantGroup;
			children = (
				12B6AECF1F94519400482B3D /* Base */,
			);
			name = LaunchScreen.storyboard;
			sourceTree = "<group>";
		};
/* End PBXVariantGroup section */

/* Begin XCBuildConfiguration section */
		12B6AED21F94519400482B3D /* Debug */ = {
			isa = XCBuildConfiguration;
			buildSettings = {
				ALWAYS_SEARCH_USER_PATHS = NO;
				CLANG_ANALYZER_NONNULL = YES;
				CLANG_ANALYZER_NUMBER_OBJECT_CONVERSION = YES_AGGRESSIVE;
				CLANG_CXX_LANGUAGE_STANDARD = "gnu++14";
				CLANG_CXX_LIBRARY = "libc++";
				CLANG_ENABLE_MODULES = YES;
				CLANG_ENABLE_OBJC_ARC = YES;
				CLANG_WARN_BLOCK_CAPTURE_AUTORELEASING = YES;
				CLANG_WARN_BOOL_CONVERSION = YES;
				CLANG_WARN_COMMA = YES;
				CLANG_WARN_CONSTANT_CONVERSION = YES;
				CLANG_WARN_DIRECT_OBJC_ISA_USAGE = YES_ERROR;
				CLANG_WARN_DOCUMENTATION_COMMENTS = YES;
				CLANG_WARN_EMPTY_BODY = YES;
				CLANG_WARN_ENUM_CONVERSION = YES;
				CLANG_WARN_INFINITE_RECURSION = YES;
				CLANG_WARN_INT_CONVERSION = YES;
				CLANG_WARN_NON_LITERAL_NULL_CONVERSION = YES;
				CLANG_WARN_OBJC_LITERAL_CONVERSION = YES;
				CLANG_WARN_OBJC_ROOT_CLASS = YES_ERROR;
				CLANG_WARN_RANGE_LOOP_ANALYSIS = YES;
				CLANG_WARN_STRICT_PROTOTYPES = YES;
				CLANG_WARN_SUSPICIOUS_MOVE = YES;
				CLANG_WARN_UNGUARDED_AVAILABILITY = YES_AGGRESSIVE;
				CLANG_WARN_UNREACHABLE_CODE = YES;
				CLANG_WARN__DUPLICATE_METHOD_MATCH = YES;
				CODE_SIGN_IDENTITY = "iPhone Developer";
				COPY_PHASE_STRIP = NO;
				DEBUG_INFORMATION_FORMAT = dwarf;
				ENABLE_STRICT_OBJC_MSGSEND = YES;
				ENABLE_TESTABILITY = YES;
				GCC_C_LANGUAGE_STANDARD = gnu11;
				GCC_DYNAMIC_NO_PIC = NO;
				GCC_NO_COMMON_BLOCKS = YES;
				GCC_OPTIMIZATION_LEVEL = 0;
				GCC_PREPROCESSOR_DEFINITIONS = (
					"DEBUG=1",
					"$(inherited)",
				);
				GCC_WARN_64_TO_32_BIT_CONVERSION = YES;
				GCC_WARN_ABOUT_RETURN_TYPE = YES_ERROR;
				GCC_WARN_UNDECLARED_SELECTOR = YES;
				GCC_WARN_UNINITIALIZED_AUTOS = YES_AGGRESSIVE;
				GCC_WARN_UNUSED_FUNCTION = YES;
				GCC_WARN_UNUSED_VARIABLE = YES;
				IPHONEOS_DEPLOYMENT_TARGET = 11.0;
				MTL_ENABLE_DEBUG_INFO = YES;
				ONLY_ACTIVE_ARCH = YES;
				SDKROOT = iphoneos;
				SWIFT_ACTIVE_COMPILATION_CONDITIONS = DEBUG;
				SWIFT_OPTIMIZATION_LEVEL = "-Onone";
			};
			name = Debug;
		};
		12B6AED31F94519400482B3D /* Release */ = {
			isa = XCBuildConfiguration;
			buildSettings = {
				ALWAYS_SEARCH_USER_PATHS = NO;
				CLANG_ANALYZER_NONNULL = YES;
				CLANG_ANALYZER_NUMBER_OBJECT_CONVERSION = YES_AGGRESSIVE;
				CLANG_CXX_LANGUAGE_STANDARD = "gnu++14";
				CLANG_CXX_LIBRARY = "libc++";
				CLANG_ENABLE_MODULES = YES;
				CLANG_ENABLE_OBJC_ARC = YES;
				CLANG_WARN_BLOCK_CAPTURE_AUTORELEASING = YES;
				CLANG_WARN_BOOL_CONVERSION = YES;
				CLANG_WARN_COMMA = YES;
				CLANG_WARN_CONSTANT_CONVERSION = YES;
				CLANG_WARN_DIRECT_OBJC_ISA_USAGE = YES_ERROR;
				CLANG_WARN_DOCUMENTATION_COMMENTS = YES;
				CLANG_WARN_EMPTY_BODY = YES;
				CLANG_WARN_ENUM_CONVERSION = YES;
				CLANG_WARN_INFINITE_RECURSION = YES;
				CLANG_WARN_INT_CONVERSION = YES;
				CLANG_WARN_NON_LITERAL_NULL_CONVERSION = YES;
				CLANG_WARN_OBJC_LITERAL_CONVERSION = YES;
				CLANG_WARN_OBJC_ROOT_CLASS = YES_ERROR;
				CLANG_WARN_RANGE_LOOP_ANALYSIS = YES;
				CLANG_WARN_STRICT_PROTOTYPES = YES;
				CLANG_WARN_SUSPICIOUS_MOVE = YES;
				CLANG_WARN_UNGUARDED_AVAILABILITY = YES_AGGRESSIVE;
				CLANG_WARN_UNREACHABLE_CODE = YES;
				CLANG_WARN__DUPLICATE_METHOD_MATCH = YES;
				CODE_SIGN_IDENTITY = "iPhone Developer";
				COPY_PHASE_STRIP = NO;
				DEBUG_INFORMATION_FORMAT = "dwarf-with-dsym";
				ENABLE_NS_ASSERTIONS = NO;
				ENABLE_STRICT_OBJC_MSGSEND = YES;
				GCC_C_LANGUAGE_STANDARD = gnu11;
				GCC_NO_COMMON_BLOCKS = YES;
				GCC_WARN_64_TO_32_BIT_CONVERSION = YES;
				GCC_WARN_ABOUT_RETURN_TYPE = YES_ERROR;
				GCC_WARN_UNDECLARED_SELECTOR = YES;
				GCC_WARN_UNINITIALIZED_AUTOS = YES_AGGRESSIVE;
				GCC_WARN_UNUSED_FUNCTION = YES;
				GCC_WARN_UNUSED_VARIABLE = YES;
				IPHONEOS_DEPLOYMENT_TARGET = 11.0;
				MTL_ENABLE_DEBUG_INFO = NO;
				SDKROOT = iphoneos;
				SWIFT_OPTIMIZATION_LEVEL = "-Owholemodule";
				VALIDATE_PRODUCT = YES;
			};
			name = Release;
		};
		12B6AED51F94519400482B3D /* Debug */ = {
			isa = XCBuildConfiguration;
			buildSettings = {
				ASSETCATALOG_COMPILER_APPICON_NAME = AppIcon;
				CODE_SIGN_STYLE = Automatic;
				DEVELOPMENT_TEAM = SSUF436QZC;
				INFOPLIST_FILE = SwiftInternetConnectionDemo/Info.plist;
				LD_RUNPATH_SEARCH_PATHS = "$(inherited) @executable_path/Frameworks";
				PRODUCT_BUNDLE_IDENTIFIER = com.loki.zero.SwiftInternetConnectionDemo;
				PRODUCT_NAME = "$(TARGET_NAME)";
				SWIFT_VERSION = 4.0;
				TARGETED_DEVICE_FAMILY = "1,2";
			};
			name = Debug;
		};
		12B6AED61F94519400482B3D /* Release */ = {
			isa = XCBuildConfiguration;
			buildSettings = {
				ASSETCATALOG_COMPILER_APPICON_NAME = AppIcon;
				CODE_SIGN_STYLE = Automatic;
				DEVELOPMENT_TEAM = SSUF436QZC;
				INFOPLIST_FILE = SwiftInternetConnectionDemo/Info.plist;
				LD_RUNPATH_SEARCH_PATHS = "$(inherited) @executable_path/Frameworks";
				PRODUCT_BUNDLE_IDENTIFIER = com.loki.zero.SwiftInternetConnectionDemo;
				PRODUCT_NAME = "$(TARGET_NAME)";
				SWIFT_VERSION = 4.0;
				TARGETED_DEVICE_FAMILY = "1,2";
			};
			name = Release;
		};
/* End XCBuildConfiguration section */

/* Begin XCConfigurationList section */
		12B6AEBA1F94519400482B3D /* Build configuration list for PBXProject "SwiftInternetConnectionDemo" */ = {
			isa = XCConfigurationList;
			buildConfigurations = (
				12B6AED21F94519400482B3D /* Debug */,
				12B6AED31F94519400482B3D /* Release */,
			);
			defaultConfigurationIsVisible = 0;
			defaultConfigurationName = Release;
		};
		12B6AED41F94519400482B3D /* Build configuration list for PBXNativeTarget "SwiftInternetConnectionDemo" */ = {
			isa = XCConfigurationList;
			buildConfigurations = (
				12B6AED51F94519400482B3D /* Debug */,
				12B6AED61F94519400482B3D /* Release */,
			);
			defaultConfigurationIsVisible = 0;
			defaultConfigurationName = Release;
		};
/* End XCConfigurationList section */

/* Begin XCVersionGroup section */
		12B6AEC91F94519400482B3D /* SwiftInternetConnectionDemo.xcdatamodeld */ = {
			isa = XCVersionGroup;
			children = (
				12B6AECA1F94519400482B3D /* SwiftInternetConnectionDemo.xcdatamodel */,
			);
			currentVersion = 12B6AECA1F94519400482B3D /* SwiftInternetConnectionDemo.xcdatamodel */;
			path = SwiftInternetConnectionDemo.xcdatamodeld;
			sourceTree = "<group>";
			versionGroupType = wrapper.xcdatamodel;
		};
/* End XCVersionGroup section */
	};
	rootObject = 12B6AEB71F94519400482B3D /* Project object */;
}
